
Microsoft Visual Studio Solution File, Format Version 12.00
# Visual Studio Version 16
VisualStudioVersion = 16.0.31105.61
MinimumVisualStudioVersion = 10.0.40219.1
Project("{FAE04EC0-301F-11D3-BF4B-00C04F79EFBC}") = "StockChatroom", "StockChatroom.csproj", "{6900EC7F-AE08-40F7-801A-D127EA056DCE}"
EndProject
Global
	GlobalSection(SolutionConfigurationPlatforms) = preSolution
		Debug|Any CPU = Debug|Any CPU
		Release|Any CPU = Release|Any CPU
	EndGlobalSection
	GlobalSection(ProjectConfigurationPlatforms) = postSolution
		{6900EC7F-AE08-40F7-801A-D127EA056DCE}.Debug|Any CPU.ActiveCfg = Debug|Any CPU
		{6900EC7F-AE08-40F7-801A-D127EA056DCE}.Debug|Any CPU.Build.0 = Debug|Any CPU
		{6900EC7F-AE08-40F7-801A-D127EA056DCE}.Release|Any CPU.ActiveCfg = Release|Any CPU
		{6900EC7F-AE08-40F7-801A-D127EA056DCE}.Release|Any CPU.Build.0 = Release|Any CPU
	EndGlobalSection
	GlobalSection(SolutionProperties) = preSolution
		HideSolutionNode = FALSE
	EndGlobalSection
	GlobalSection(ExtensibilityGlobals) = postSolution
		SolutionGuid = {F41BF10B-FC91-4255-AE1B-D08B3993E67B}
	EndGlobalSection
EndGlobal
